
Microsoft Visual Studio Solution File, Format Version 12.00
# Visual Studio Version 17
VisualStudioVersion = 17.13.35825.156 d17.13
MinimumVisualStudioVersion = 10.0.40219.1
Project("{FAE04EC0-301F-11D3-BF4B-00C04F79EFBC}") = "AroosAlBahr.Web", "AroosAlBahr.Web\AroosAlBahr.Web.csproj", "{AD68ADED-9334-4B92-99CB-2BFBD1EDC6E8}"
EndProject
Global
	GlobalSection(SolutionConfigurationPlatforms) = preSolution
		Debug|Any CPU = Debug|Any CPU
		Release|Any CPU = Release|Any CPU
	EndGlobalSection
	GlobalSection(ProjectConfigurationPlatforms) = postSolution
		{AD68ADED-9334-4B92-99CB-2BFBD1EDC6E8}.Debug|Any CPU.ActiveCfg = Debug|Any CPU
		{AD68ADED-9334-4B92-99CB-2BFBD1EDC6E8}.Debug|Any CPU.Build.0 = Debug|Any CPU
		{AD68ADED-9334-4B92-99CB-2BFBD1EDC6E8}.Release|Any CPU.ActiveCfg = Release|Any CPU
		{AD68ADED-9334-4B92-99CB-2BFBD1EDC6E8}.Release|Any CPU.Build.0 = Release|Any CPU
	EndGlobalSection
	GlobalSection(SolutionProperties) = preSolution
		HideSolutionNode = FALSE
	EndGlobalSection
	GlobalSection(ExtensibilityGlobals) = postSolution
		SolutionGuid = {1F19FFD3-CCCA-48C9-82D0-7A79077095E3}
	EndGlobalSection
EndGlobal
